github.com/miekg/dns v0.0.0-20160605072344-799de7044d95 h1:BQDvi4qiqpxb1Q2E59rpiT9wTuRNYZAvPMiFp/AUtdg=
github.com/miekg/dns v0.0.0-20160605072344-799de7044d95/go.mod h1:W1PPwlIAgtquWBMBEV9nkV9Cazfe8ScdGz/Lj7v3Nrg=
github.com/reguero/go-snmplib v0.0.0-20181019092238-e566f5619b55 h1:XSHUgUOYEcULzyllG50slUg8RFmx0CPtr0xoNoft/ng=
github.com/reguero/go-snmplib v0.0.0-20181019092238-e566f5619b55/go.mod h1:ZOnUjV/tCr0PrDl0kI9jntec7FWW5prJ1FGD8hZ+I5A=
gopkg.in/check.v1 v0.0.0-20161208181325-20d25e280405 h1:yhCVgyC4o1eVCa2tZl7eS0r+SDo693bJlVdllGtEeKM=
gopkg.in/check.v1 v0.0.0-20161208181325-20d25e280405/go.mod h1:Co6ibVJAznAaIkqp8huTwlJQCZ016jof/cbN4VW5Yz0=
gopkg.in/yaml.v3 v3.0.0-20210107192922-496545a6307b h1:h8qDotaEPuJATrMmW04NCwg7v22aHH28wwpauUhK9Oo=
gopkg.in/yaml.v3 v3.0.0-20210107192922-496545a6307b/go.mod h1:K4uyk7z7BCEPqu6E+C64Yfv1cQ7kz7rIZviUmN+EgEM=
